// !$*UTF8*$!
{
	archiveVersion = 1;
	classes = {
	};
	objectVersion = 56;
	objects = {

/* Begin PBXBuildFile section */
		2FB1A6D12A3087BF004C2B3C /* Release.xcconfig in Resources */ = {isa = PBXBuildFile; fileRef = 2FB1A6D02A3087BF004C2B3C /* Release.xcconfig */; };
		2FB1EE8D2A29E8F500BB4294 /* ContentViewController.swift in Sources */ = {isa = PBXBuildFile; fileRef = 2FB1EE8C2A29E8F500BB4294 /* ContentViewController.swift */; };
		2FB1EE902A2A1EEE00BB4294 /* ParticipantVideoView.swift in Sources */ = {isa = PBXBuildFile; fileRef = 2FB1EE8F2A2A1EED00BB4294 /* ParticipantVideoView.swift */; };
		2FB8B3D22A20C6DA0060E251 /* FishjamClientDemoApp.swift in Sources */ = {isa = PBXBuildFile; fileRef = 2FB8B3D12A20C6DA0060E251 /* FishjamClientDemoApp.swift */; };
		2FB8B3D42A20C6DA0060E251 /* ContentView.swift in Sources */ = {isa = PBXBuildFile; fileRef = 2FB8B3D32A20C6DA0060E251 /* ContentView.swift */; };
		2FB8B3D62A20C6DD0060E251 /* Assets.xcassets in Resources */ = {isa = PBXBuildFile; fileRef = 2FB8B3D52A20C6DD0060E251 /* Assets.xcassets */; };
		2FB8B3D92A20C6DD0060E251 /* Preview Assets.xcassets in Resources */ = {isa = PBXBuildFile; fileRef = 2FB8B3D82A20C6DD0060E251 /* Preview Assets.xcassets */; };
		2FB8B4022A20D5B30060E251 /* FishjamClient in Frameworks */ = {isa = PBXBuildFile; productRef = 2FB8B4012A20D5B30060E251 /* FishjamClient */; };
		2FEEFCD62A5FED1700A8805C /* Debug.xcconfig in Resources */ = {isa = PBXBuildFile; fileRef = 2FEEFCD52A5FED1700A8805C /* Debug.xcconfig */; };
/* End PBXBuildFile section */

/* Begin PBXContainerItemProxy section */
		2FB8B3DF2A20C6DD0060E251 /* PBXContainerItemProxy */ = {
			isa = PBXContainerItemProxy;
			containerPortal = 2FB8B3C62A20C6DA0060E251 /* Project object */;
			proxyType = 1;
			remoteGlobalIDString = 2FB8B3CD2A20C6DA0060E251;
			remoteInfo = FishjamClientDemo;
		};
		2FB8B3E92A20C6DD0060E251 /* PBXContainerItemProxy */ = {
			isa = PBXContainerItemProxy;
			containerPortal = 2FB8B3C62A20C6DA0060E251 /* Project object */;
			proxyType = 1;
			remoteGlobalIDString = 2FB8B3CD2A20C6DA0060E251;
			remoteInfo = FishjamClientDemo;
		};
/* End PBXContainerItemProxy section */

/* Begin PBXFileReference section */
		2FB1A6D02A3087BF004C2B3C /* Release.xcconfig */ = {isa = PBXFileReference; lastKnownFileType = text.xcconfig; path = Release.xcconfig; sourceTree = "<group>"; };
		2FB1EE8C2A29E8F500BB4294 /* ContentViewController.swift */ = {isa = PBXFileReference; lastKnownFileType = sourcecode.swift; path = ContentViewController.swift; sourceTree = "<group>"; };
		2FB1EE8E2A2A023600BB4294 /* Info.plist */ = {isa = PBXFileReference; lastKnownFileType = text.plist; path = Info.plist; sourceTree = "<group>"; };
		2FB1EE8F2A2A1EED00BB4294 /* ParticipantVideoView.swift */ = {isa = PBXFileReference; lastKnownFileType = sourcecode.swift; path = ParticipantVideoView.swift; sourceTree = "<group>"; };
		2FB8B3CE2A20C6DA0060E251 /* FishjamClientDemo.app */ = {isa = PBXFileReference; explicitFileType = wrapper.application; includeInIndex = 0; path = FishjamClientDemo.app; sourceTree = BUILT_PRODUCTS_DIR; };
		2FB8B3D12A20C6DA0060E251 /* FishjamClientDemoApp.swift */ = {isa = PBXFileReference; lastKnownFileType = sourcecode.swift; path = FishjamClientDemoApp.swift; sourceTree = "<group>"; };
		2FB8B3D32A20C6DA0060E251 /* ContentView.swift */ = {isa = PBXFileReference; lastKnownFileType = sourcecode.swift; path = ContentView.swift; sourceTree = "<group>"; };
		2FB8B3D52A20C6DD0060E251 /* Assets.xcassets */ = {isa = PBXFileReference; lastKnownFileType = folder.assetcatalog; path = Assets.xcassets; sourceTree = "<group>"; };
		2FB8B3D82A20C6DD0060E251 /* Preview Assets.xcassets */ = {isa = PBXFileReference; lastKnownFileType = folder.assetcatalog; path = "Preview Assets.xcassets"; sourceTree = "<group>"; };
		2FB8B3DE2A20C6DD0060E251 /* FishjamClientDemoTests.xctest */ = {isa = PBXFileReference; explicitFileType = wrapper.cfbundle; includeInIndex = 0; path = FishjamClientDemoTests.xctest; sourceTree = BUILT_PRODUCTS_DIR; };
		2FB8B3E82A20C6DD0060E251 /* FishjamClientDemoUITests.xctest */ = {isa = PBXFileReference; explicitFileType = wrapper.cfbundle; includeInIndex = 0; path = FishjamClientDemoUITests.xctest; sourceTree = BUILT_PRODUCTS_DIR; };
		2FB8B3FE2A20D5110060E251 /* FishjamClient */ = {isa = PBXFileReference; lastKnownFileType = wrapper; name = FishjamClient; path = ../FishjamClient; sourceTree = "<group>"; };
		2FB8B3FF2A20D53A0060E251 /* FishjamClient */ = {isa = PBXFileReference; lastKnownFileType = wrapper; name = FishjamClient; path = ../FishjamClient; sourceTree = "<group>"; };
		2FEEFCD52A5FED1700A8805C /* Debug.xcconfig */ = {isa = PBXFileReference; lastKnownFileType = text.xcconfig; path = Debug.xcconfig; sourceTree = "<group>"; };
/* End PBXFileReference section */

/* Begin PBXFrameworksBuildPhase section */
		2FB8B3CB2A20C6DA0060E251 /* Frameworks */ = {
			isa = PBXFrameworksBuildPhase;
			buildActionMask = 2147483647;
			files = (
				2FB8B4022A20D5B30060E251 /* FishjamClient in Frameworks */,
			);
			runOnlyForDeploymentPostprocessing = 0;
		};
		2FB8B3DB2A20C6DD0060E251 /* Frameworks */ = {
			isa = PBXFrameworksBuildPhase;
			buildActionMask = 2147483647;
			files = (
			);
			runOnlyForDeploymentPostprocessing = 0;
		};
		2FB8B3E52A20C6DD0060E251 /* Frameworks */ = {
			isa = PBXFrameworksBuildPhase;
			buildActionMask = 2147483647;
			files = (
			);
			runOnlyForDeploymentPostprocessing = 0;
		};
/* End PBXFrameworksBuildPhase section */

/* Begin PBXGroup section */
		2FB8B3C52A20C6DA0060E251 = {
			isa = PBXGroup;
			children = (
				2FEEFCD52A5FED1700A8805C /* Debug.xcconfig */,
				2FB1A6D02A3087BF004C2B3C /* Release.xcconfig */,
				2FB8B3FE2A20D5110060E251 /* FishjamClient */,
				2FB8B3FB2A20C7A60060E251 /* Packages */,
				2FB8B3D02A20C6DA0060E251 /* FishjamClientDemo */,
				2FB8B3CF2A20C6DA0060E251 /* Products */,
				2FB8B4002A20D5B30060E251 /* Frameworks */,
			);
			sourceTree = "<group>";
		};
		2FB8B3CF2A20C6DA0060E251 /* Products */ = {
			isa = PBXGroup;
			children = (
				2FB8B3CE2A20C6DA0060E251 /* FishjamClientDemo.app */,
				2FB8B3DE2A20C6DD0060E251 /* FishjamClientDemoTests.xctest */,
				2FB8B3E82A20C6DD0060E251 /* FishjamClientDemoUITests.xctest */,
			);
			name = Products;
			sourceTree = "<group>";
		};
		2FB8B3D02A20C6DA0060E251 /* FishjamClientDemo */ = {
			isa = PBXGroup;
			children = (
				2FB1EE8E2A2A023600BB4294 /* Info.plist */,
				2FB8B3D12A20C6DA0060E251 /* FishjamClientDemoApp.swift */,
				2FB1EE8F2A2A1EED00BB4294 /* ParticipantVideoView.swift */,
				2FB1EE8C2A29E8F500BB4294 /* ContentViewController.swift */,
				2FB8B3D32A20C6DA0060E251 /* ContentView.swift */,
				2FB8B3D52A20C6DD0060E251 /* Assets.xcassets */,
				2FB8B3D72A20C6DD0060E251 /* Preview Content */,
			);
			path = FishjamClientDemo;
			sourceTree = "<group>";
		};
		2FB8B3D72A20C6DD0060E251 /* Preview Content */ = {
			isa = PBXGroup;
			children = (
				2FB8B3D82A20C6DD0060E251 /* Preview Assets.xcassets */,
			);
			path = "Preview Content";
			sourceTree = "<group>";
		};
		2FB8B3FB2A20C7A60060E251 /* Packages */ = {
			isa = PBXGroup;
			children = (
				2FB8B3FF2A20D53A0060E251 /* FishjamClient */,
			);
			name = Packages;
			sourceTree = "<group>";
		};
		2FB8B4002A20D5B30060E251 /* Frameworks */ = {
			isa = PBXGroup;
			children = (
			);
			name = Frameworks;
			sourceTree = "<group>";
		};
/* End PBXGroup section */

/* Begin PBXNativeTarget section */
		2FB8B3CD2A20C6DA0060E251 /* FishjamClientDemo */ = {
			isa = PBXNativeTarget;
			buildConfigurationList = 2FB8B3F22A20C6DD0060E251 /* Build configuration list for PBXNativeTarget "FishjamClientDemo" */;
			buildPhases = (
				2FB8B3CA2A20C6DA0060E251 /* Sources */,
				2FB8B3CB2A20C6DA0060E251 /* Frameworks */,
				2FB8B3CC2A20C6DA0060E251 /* Resources */,
			);
			buildRules = (
			);
			dependencies = (
			);
			name = FishjamClientDemo;
			packageProductDependencies = (
				2FB8B4012A20D5B30060E251 /* FishjamClient */,
			);
			productName = FishjamClientDemo;
			productReference = 2FB8B3CE2A20C6DA0060E251 /* FishjamClientDemo.app */;
			productType = "com.apple.product-type.application";
		};
		2FB8B3DD2A20C6DD0060E251 /* FishjamClientDemoTests */ = {
			isa = PBXNativeTarget;
			buildConfigurationList = 2FB8B3F52A20C6DD0060E251 /* Build configuration list for PBXNativeTarget "FishjamClientDemoTests" */;
			buildPhases = (
				2FB8B3DA2A20C6DD0060E251 /* Sources */,
				2FB8B3DB2A20C6DD0060E251 /* Frameworks */,
				2FB8B3DC2A20C6DD0060E251 /* Resources */,
			);
			buildRules = (
			);
			dependencies = (
				2FB8B3E02A20C6DD0060E251 /* PBXTargetDependency */,
			);
			name = FishjamClientDemoTests;
			productName = FishjamClientDemoTests;
			productReference = 2FB8B3DE2A20C6DD0060E251 /* FishjamClientDemoTests.xctest */;
			productType = "com.apple.product-type.bundle.unit-test";
		};
		2FB8B3E72A20C6DD0060E251 /* FishjamClientDemoUITests */ = {
			isa = PBXNativeTarget;
			buildConfigurationList = 2FB8B3F82A20C6DD0060E251 /* Build configuration list for PBXNativeTarget "FishjamClientDemoUITests" */;
			buildPhases = (
				2FB8B3E42A20C6DD0060E251 /* Sources */,
				2FB8B3E52A20C6DD0060E251 /* Frameworks */,
				2FB8B3E62A20C6DD0060E251 /* Resources */,
			);
			buildRules = (
			);
			dependencies = (
				2FB8B3EA2A20C6DD0060E251 /* PBXTargetDependency */,
			);
			name = FishjamClientDemoUITests;
			productName = FishjamClientDemoUITests;
			productReference = 2FB8B3E82A20C6DD0060E251 /* FishjamClientDemoUITests.xctest */;
			productType = "com.apple.product-type.bundle.ui-testing";
		};
/* End PBXNativeTarget section */

/* Begin PBXProject section */
		2FB8B3C62A20C6DA0060E251 /* Project object */ = {
			isa = PBXProject;
			attributes = {
				BuildIndependentTargetsInParallel = 1;
				LastSwiftUpdateCheck = 1430;
				LastUpgradeCheck = 1430;
				TargetAttributes = {
					2FB8B3CD2A20C6DA0060E251 = {
						CreatedOnToolsVersion = 14.3;
					};
					2FB8B3DD2A20C6DD0060E251 = {
						CreatedOnToolsVersion = 14.3;
						TestTargetID = 2FB8B3CD2A20C6DA0060E251;
					};
					2FB8B3E72A20C6DD0060E251 = {
						CreatedOnToolsVersion = 14.3;
						TestTargetID = 2FB8B3CD2A20C6DA0060E251;
					};
				};
			};
			buildConfigurationList = 2FB8B3C92A20C6DA0060E251 /* Build configuration list for PBXProject "FishjamClientDemo" */;
			compatibilityVersion = "Xcode 14.0";
			developmentRegion = en;
			hasScannedForEncodings = 0;
			knownRegions = (
				en,
				Base,
			);
			mainGroup = 2FB8B3C52A20C6DA0060E251;
			packageReferences = (
			);
			productRefGroup = 2FB8B3CF2A20C6DA0060E251 /* Products */;
			projectDirPath = "";
			projectRoot = "";
			targets = (
				2FB8B3CD2A20C6DA0060E251 /* FishjamClientDemo */,
				2FB8B3DD2A20C6DD0060E251 /* FishjamClientDemoTests */,
				2FB8B3E72A20C6DD0060E251 /* FishjamClientDemoUITests */,
			);
		};
/* End PBXProject section */

/* Begin PBXResourcesBuildPhase section */
		2FB8B3CC2A20C6DA0060E251 /* Resources */ = {
			isa = PBXResourcesBuildPhase;
			buildActionMask = 2147483647;
			files = (
				2FEEFCD62A5FED1700A8805C /* Debug.xcconfig in Resources */,
				2FB1A6D12A3087BF004C2B3C /* Release.xcconfig in Resources */,
				2FB8B3D92A20C6DD0060E251 /* Preview Assets.xcassets in Resources */,
				2FB8B3D62A20C6DD0060E251 /* Assets.xcassets in Resources */,
			);
			runOnlyForDeploymentPostprocessing = 0;
		};
		2FB8B3DC2A20C6DD0060E251 /* Resources */ = {
			isa = PBXResourcesBuildPhase;
			buildActionMask = 2147483647;
			files = (
			);
			runOnlyForDeploymentPostprocessing = 0;
		};
		2FB8B3E62A20C6DD0060E251 /* Resources */ = {
			isa = PBXResourcesBuildPhase;
			buildActionMask = 2147483647;
			files = (
			);
			runOnlyForDeploymentPostprocessing = 0;
		};
/* End PBXResourcesBuildPhase section */

/* Begin PBXSourcesBuildPhase section */
		2FB8B3CA2A20C6DA0060E251 /* Sources */ = {
			isa = PBXSourcesBuildPhase;
			buildActionMask = 2147483647;
			files = (
				2FB8B3D42A20C6DA0060E251 /* ContentView.swift in Sources */,
				2FB1EE8D2A29E8F500BB4294 /* ContentViewController.swift in Sources */,
				2FB1EE902A2A1EEE00BB4294 /* ParticipantVideoView.swift in Sources */,
				2FB8B3D22A20C6DA0060E251 /* FishjamClientDemoApp.swift in Sources */,
			);
			runOnlyForDeploymentPostprocessing = 0;
		};
		2FB8B3DA2A20C6DD0060E251 /* Sources */ = {
			isa = PBXSourcesBuildPhase;
			buildActionMask = 2147483647;
			files = (
			);
			runOnlyForDeploymentPostprocessing = 0;
		};
		2FB8B3E42A20C6DD0060E251 /* Sources */ = {
			isa = PBXSourcesBuildPhase;
			buildActionMask = 2147483647;
			files = (
			);
			runOnlyForDeploymentPostprocessing = 0;
		};
/* End PBXSourcesBuildPhase section */

/* Begin PBXTargetDependency section */
		2FB8B3E02A20C6DD0060E251 /* PBXTargetDependency */ = {
			isa = PBXTargetDependency;
			target = 2FB8B3CD2A20C6DA0060E251 /* FishjamClientDemo */;
			targetProxy = 2FB8B3DF2A20C6DD0060E251 /* PBXContainerItemProxy */;
		};
		2FB8B3EA2A20C6DD0060E251 /* PBXTargetDependency */ = {
			isa = PBXTargetDependency;
			target = 2FB8B3CD2A20C6DA0060E251 /* FishjamClientDemo */;
			targetProxy = 2FB8B3E92A20C6DD0060E251 /* PBXContainerItemProxy */;
		};
/* End PBXTargetDependency section */

/* Begin XCBuildConfiguration section */
		2FB8B3F02A20C6DD0060E251 /* Debug */ = {
			isa = XCBuildConfiguration;
			buildSettings = {
				ALWAYS_SEARCH_USER_PATHS = NO;
				CLANG_ANALYZER_NONNULL = YES;
				CLANG_ANALYZER_NUMBER_OBJECT_CONVERSION = YES_AGGRESSIVE;
				CLANG_CXX_LANGUAGE_STANDARD = "gnu++20";
				CLANG_ENABLE_MODULES = YES;
				CLANG_ENABLE_OBJC_ARC = YES;
				CLANG_ENABLE_OBJC_WEAK = YES;
				CLANG_WARN_BLOCK_CAPTURE_AUTORELEASING = YES;
				CLANG_WARN_BOOL_CONVERSION = YES;
				CLANG_WARN_COMMA = YES;
				CLANG_WARN_CONSTANT_CONVERSION = YES;
				CLANG_WARN_DEPRECATED_OBJC_IMPLEMENTATIONS = YES;
				CLANG_WARN_DIRECT_OBJC_ISA_USAGE = YES_ERROR;
				CLANG_WARN_DOCUMENTATION_COMMENTS = YES;
				CLANG_WARN_EMPTY_BODY = YES;
				CLANG_WARN_ENUM_CONVERSION = YES;
				CLANG_WARN_INFINITE_RECURSION = YES;
				CLANG_WARN_INT_CONVERSION = YES;
				CLANG_WARN_NON_LITERAL_NULL_CONVERSION = YES;
				CLANG_WARN_OBJC_IMPLICIT_RETAIN_SELF = YES;
				CLANG_WARN_OBJC_LITERAL_CONVERSION = YES;
				CLANG_WARN_OBJC_ROOT_CLASS = YES_ERROR;
				CLANG_WARN_QUOTED_INCLUDE_IN_FRAMEWORK_HEADER = YES;
				CLANG_WARN_RANGE_LOOP_ANALYSIS = YES;
				CLANG_WARN_STRICT_PROTOTYPES = YES;
				CLANG_WARN_SUSPICIOUS_MOVE = YES;
				CLANG_WARN_UNGUARDED_AVAILABILITY = YES_AGGRESSIVE;
				CLANG_WARN_UNREACHABLE_CODE = YES;
				CLANG_WARN__DUPLICATE_METHOD_MATCH = YES;
				COPY_PHASE_STRIP = NO;
				DEBUG_INFORMATION_FORMAT = dwarf;
				ENABLE_STRICT_OBJC_MSGSEND = YES;
				ENABLE_TESTABILITY = YES;
				GCC_C_LANGUAGE_STANDARD = gnu11;
				GCC_DYNAMIC_NO_PIC = NO;
				GCC_NO_COMMON_BLOCKS = YES;
				GCC_OPTIMIZATION_LEVEL = 0;
				GCC_PREPROCESSOR_DEFINITIONS = (
					"DEBUG=1",
					"$(inherited)",
				);
				GCC_WARN_64_TO_32_BIT_CONVERSION = YES;
				GCC_WARN_ABOUT_RETURN_TYPE = YES_ERROR;
				GCC_WARN_UNDECLARED_SELECTOR = YES;
				GCC_WARN_UNINITIALIZED_AUTOS = YES_AGGRESSIVE;
				GCC_WARN_UNUSED_FUNCTION = YES;
				GCC_WARN_UNUSED_VARIABLE = YES;
				IPHONEOS_DEPLOYMENT_TARGET = 15.2;
				MTL_ENABLE_DEBUG_INFO = INCLUDE_SOURCE;
				MTL_FAST_MATH = YES;
				ONLY_ACTIVE_ARCH = YES;
				SDKROOT = iphoneos;
				SWIFT_ACTIVE_COMPILATION_CONDITIONS = DEBUG;
				SWIFT_OPTIMIZATION_LEVEL = "-Onone";
			};
			name = Debug;
		};
		2FB8B3F12A20C6DD0060E251 /* Release */ = {
			isa = XCBuildConfiguration;
			baseConfigurationReference = 2FB1A6D02A3087BF004C2B3C /* Release.xcconfig */;
			buildSettings = {
				ALWAYS_SEARCH_USER_PATHS = NO;
				CLANG_ANALYZER_NONNULL = YES;
				CLANG_ANALYZER_NUMBER_OBJECT_CONVERSION = YES_AGGRESSIVE;
				CLANG_CXX_LANGUAGE_STANDARD = "gnu++20";
				CLANG_ENABLE_MODULES = YES;
				CLANG_ENABLE_OBJC_ARC = YES;
				CLANG_ENABLE_OBJC_WEAK = YES;
				CLANG_WARN_BLOCK_CAPTURE_AUTORELEASING = YES;
				CLANG_WARN_BOOL_CONVERSION = YES;
				CLANG_WARN_COMMA = YES;
				CLANG_WARN_CONSTANT_CONVERSION = YES;
				CLANG_WARN_DEPRECATED_OBJC_IMPLEMENTATIONS = YES;
				CLANG_WARN_DIRECT_OBJC_ISA_USAGE = YES_ERROR;
				CLANG_WARN_DOCUMENTATION_COMMENTS = YES;
				CLANG_WARN_EMPTY_BODY = YES;
				CLANG_WARN_ENUM_CONVERSION = YES;
				CLANG_WARN_INFINITE_RECURSION = YES;
				CLANG_WARN_INT_CONVERSION = YES;
				CLANG_WARN_NON_LITERAL_NULL_CONVERSION = YES;
				CLANG_WARN_OBJC_IMPLICIT_RETAIN_SELF = YES;
				CLANG_WARN_OBJC_LITERAL_CONVERSION = YES;
				CLANG_WARN_OBJC_ROOT_CLASS = YES_ERROR;
				CLANG_WARN_QUOTED_INCLUDE_IN_FRAMEWORK_HEADER = YES;
				CLANG_WARN_RANGE_LOOP_ANALYSIS = YES;
				CLANG_WARN_STRICT_PROTOTYPES = YES;
				CLANG_WARN_SUSPICIOUS_MOVE = YES;
				CLANG_WARN_UNGUARDED_AVAILABILITY = YES_AGGRESSIVE;
				CLANG_WARN_UNREACHABLE_CODE = YES;
				CLANG_WARN__DUPLICATE_METHOD_MATCH = YES;
				COPY_PHASE_STRIP = NO;
				DEBUG_INFORMATION_FORMAT = "dwarf-with-dsym";
				ENABLE_NS_ASSERTIONS = NO;
				ENABLE_STRICT_OBJC_MSGSEND = YES;
				GCC_C_LANGUAGE_STANDARD = gnu11;
				GCC_NO_COMMON_BLOCKS = YES;
				GCC_WARN_64_TO_32_BIT_CONVERSION = YES;
				GCC_WARN_ABOUT_RETURN_TYPE = YES_ERROR;
				GCC_WARN_UNDECLARED_SELECTOR = YES;
				GCC_WARN_UNINITIALIZED_AUTOS = YES_AGGRESSIVE;
				GCC_WARN_UNUSED_FUNCTION = YES;
				GCC_WARN_UNUSED_VARIABLE = YES;
				IPHONEOS_DEPLOYMENT_TARGET = 15.2;
				MTL_ENABLE_DEBUG_INFO = NO;
				MTL_FAST_MATH = YES;
				SDKROOT = iphoneos;
				SWIFT_COMPILATION_MODE = wholemodule;
				SWIFT_OPTIMIZATION_LEVEL = "-O";
				VALIDATE_PRODUCT = YES;
			};
			name = Release;
		};
		2FB8B3F32A20C6DD0060E251 /* Debug */ = {
			isa = XCBuildConfiguration;
			buildSettings = {
				ASSETCATALOG_COMPILER_APPICON_NAME = AppIcon;
				ASSETCATALOG_COMPILER_GLOBAL_ACCENT_COLOR_NAME = AccentColor;
				CODE_SIGN_STYLE = Automatic;
				CURRENT_PROJECT_VERSION = 1;
				DEVELOPMENT_ASSET_PATHS = "\"FishjamClientDemo/Preview Content\"";
				DEVELOPMENT_TEAM = J5FM626PE2;
				ENABLE_PREVIEWS = YES;
				GENERATE_INFOPLIST_FILE = YES;
				INFOPLIST_FILE = FishjamClientDemo/Info.plist;
				INFOPLIST_KEY_UIApplicationSceneManifest_Generation = YES;
				INFOPLIST_KEY_UIApplicationSupportsIndirectInputEvents = YES;
				INFOPLIST_KEY_UILaunchScreen_Generation = YES;
				INFOPLIST_KEY_UISupportedInterfaceOrientations_iPad = "UIInterfaceOrientationPortrait UIInterfaceOrientationPortraitUpsideDown UIInterfaceOrientationLandscapeLeft UIInterfaceOrientationLandscapeRight";
				INFOPLIST_KEY_UISupportedInterfaceOrientations_iPhone = "UIInterfaceOrientationPortrait UIInterfaceOrientationLandscapeLeft UIInterfaceOrientationLandscapeRight";
				LD_RUNPATH_SEARCH_PATHS = (
					"$(inherited)",
					"@executable_path/Frameworks",
				);
				MARKETING_VERSION = 1.0;
				PRODUCT_BUNDLE_IDENTIFIER = "fishjam-dev.FishjamClientDemo";
				PRODUCT_NAME = "$(TARGET_NAME)";
				SWIFT_EMIT_LOC_STRINGS = YES;
				SWIFT_VERSION = 5.0;
				TARGETED_DEVICE_FAMILY = "1,2";
			};
			name = Debug;
		};
		2FB8B3F42A20C6DD0060E251 /* Release */ = {
			isa = XCBuildConfiguration;
			buildSettings = {
				ASSETCATALOG_COMPILER_APPICON_NAME = AppIcon;
				ASSETCATALOG_COMPILER_GLOBAL_ACCENT_COLOR_NAME = AccentColor;
				CODE_SIGN_STYLE = Automatic;
				CURRENT_PROJECT_VERSION = 1;
				DEVELOPMENT_ASSET_PATHS = "\"FishjamClientDemo/Preview Content\"";
				DEVELOPMENT_TEAM = J5FM626PE2;
				ENABLE_PREVIEWS = YES;
				GENERATE_INFOPLIST_FILE = YES;
				INFOPLIST_FILE = FishjamClientDemo/Info.plist;
				INFOPLIST_KEY_UIApplicationSceneManifest_Generation = YES;
				INFOPLIST_KEY_UIApplicationSupportsIndirectInputEvents = YES;
				INFOPLIST_KEY_UILaunchScreen_Generation = YES;
				INFOPLIST_KEY_UISupportedInterfaceOrientations_iPad = "UIInterfaceOrientationPortrait UIInterfaceOrientationPortraitUpsideDown UIInterfaceOrientationLandscapeLeft UIInterfaceOrientationLandscapeRight";
				INFOPLIST_KEY_UISupportedInterfaceOrientations_iPhone = "UIInterfaceOrientationPortrait UIInterfaceOrientationLandscapeLeft UIInterfaceOrientationLandscapeRight";
				LD_RUNPATH_SEARCH_PATHS = (
					"$(inherited)",
					"@executable_path/Frameworks",
				);
				MARKETING_VERSION = 1.0;
				PRODUCT_BUNDLE_IDENTIFIER = "fishjam-dev.FishjamClientDemo";
				PRODUCT_NAME = "$(TARGET_NAME)";
				SWIFT_EMIT_LOC_STRINGS = YES;
				SWIFT_VERSION = 5.0;
				TARGETED_DEVICE_FAMILY = "1,2";
			};
			name = Release;
		};
		2FB8B3F62A20C6DD0060E251 /* Debug */ = {
			isa = XCBuildConfiguration;
			buildSettings = {
				ALWAYS_EMBED_SWIFT_STANDARD_LIBRARIES = YES;
				BUNDLE_LOADER = "$(TEST_HOST)";
				CODE_SIGN_STYLE = Automatic;
				CURRENT_PROJECT_VERSION = 1;
				DEVELOPMENT_TEAM = J5FM626PE2;
				GENERATE_INFOPLIST_FILE = YES;
				IPHONEOS_DEPLOYMENT_TARGET = 15.2;
				MARKETING_VERSION = 1.0;
				PRODUCT_BUNDLE_IDENTIFIER = "fishjam-dev.FishjamClientDemoTests";
				PRODUCT_NAME = "$(TARGET_NAME)";
				SWIFT_EMIT_LOC_STRINGS = NO;
				SWIFT_VERSION = 5.0;
				TARGETED_DEVICE_FAMILY = "1,2";
				TEST_HOST = "$(BUILT_PRODUCTS_DIR)/FishjamClientDemo.app/$(BUNDLE_EXECUTABLE_FOLDER_PATH)/FishjamClientDemo";
			};
			name = Debug;
		};
		2FB8B3F72A20C6DD0060E251 /* Release */ = {
			isa = XCBuildConfiguration;
			buildSettings = {
				ALWAYS_EMBED_SWIFT_STANDARD_LIBRARIES = YES;
				BUNDLE_LOADER = "$(TEST_HOST)";
				CODE_SIGN_STYLE = Automatic;
				CURRENT_PROJECT_VERSION = 1;
				DEVELOPMENT_TEAM = J5FM626PE2;
				GENERATE_INFOPLIST_FILE = YES;
				IPHONEOS_DEPLOYMENT_TARGET = 15.2;
				MARKETING_VERSION = 1.0;
				PRODUCT_BUNDLE_IDENTIFIER = "fishjam-dev.FishjamClientDemoTests";
				PRODUCT_NAME = "$(TARGET_NAME)";
				SWIFT_EMIT_LOC_STRINGS = NO;
				SWIFT_VERSION = 5.0;
				TARGETED_DEVICE_FAMILY = "1,2";
				TEST_HOST = "$(BUILT_PRODUCTS_DIR)/FishjamClientDemo.app/$(BUNDLE_EXECUTABLE_FOLDER_PATH)/FishjamClientDemo";
			};
			name = Release;
		};
		2FB8B3F92A20C6DD0060E251 /* Debug */ = {
			isa = XCBuildConfiguration;
			buildSettings = {
				ALWAYS_EMBED_SWIFT_STANDARD_LIBRARIES = YES;
				CODE_SIGN_STYLE = Automatic;
				CURRENT_PROJECT_VERSION = 1;
				DEVELOPMENT_TEAM = J5FM626PE2;
				GENERATE_INFOPLIST_FILE = YES;
				MARKETING_VERSION = 1.0;
				PRODUCT_BUNDLE_IDENTIFIER = "fishjam-dev.FishjamClientDemoUITests";
				PRODUCT_NAME = "$(TARGET_NAME)";
				SWIFT_EMIT_LOC_STRINGS = NO;
				SWIFT_VERSION = 5.0;
				TARGETED_DEVICE_FAMILY = "1,2";
				TEST_TARGET_NAME = FishjamClientDemo;
			};
			name = Debug;
		};
		2FB8B3FA2A20C6DD0060E251 /* Release */ = {
			isa = XCBuildConfiguration;
			buildSettings = {
				ALWAYS_EMBED_SWIFT_STANDARD_LIBRARIES = YES;
				CODE_SIGN_STYLE = Automatic;
				CURRENT_PROJECT_VERSION = 1;
				DEVELOPMENT_TEAM = J5FM626PE2;
				GENERATE_INFOPLIST_FILE = YES;
				MARKETING_VERSION = 1.0;
				PRODUCT_BUNDLE_IDENTIFIER = "fishjam-dev.FishjamClientDemoUITests";
				PRODUCT_NAME = "$(TARGET_NAME)";
				SWIFT_EMIT_LOC_STRINGS = NO;
				SWIFT_VERSION = 5.0;
				TARGETED_DEVICE_FAMILY = "1,2";
				TEST_TARGET_NAME = FishjamClientDemo;
			};
			name = Release;
		};
/* End XCBuildConfiguration section */

/* Begin XCConfigurationList section */
		2FB8B3C92A20C6DA0060E251 /* Build configuration list for PBXProject "FishjamClientDemo" */ = {
			isa = XCConfigurationList;
			buildConfigurations = (
				2FB8B3F02A20C6DD0060E251 /* Debug */,
				2FB8B3F12A20C6DD0060E251 /* Release */,
			);
			defaultConfigurationIsVisible = 0;
			defaultConfigurationName = Debug;
		};
		2FB8B3F22A20C6DD0060E251 /* Build configuration list for PBXNativeTarget "FishjamClientDemo" */ = {
			isa = XCConfigurationList;
			buildConfigurations = (
				2FB8B3F32A20C6DD0060E251 /* Debug */,
				2FB8B3F42A20C6DD0060E251 /* Release */,
			);
			defaultConfigurationIsVisible = 0;
			defaultConfigurationName = Debug;
		};
		2FB8B3F52A20C6DD0060E251 /* Build configuration list for PBXNativeTarget "FishjamClientDemoTests" */ = {
			isa = XCConfigurationList;
			buildConfigurations = (
				2FB8B3F62A20C6DD0060E251 /* Debug */,
				2FB8B3F72A20C6DD0060E251 /* Release */,
			);
			defaultConfigurationIsVisible = 0;
			defaultConfigurationName = Debug;
		};
		2FB8B3F82A20C6DD0060E251 /* Build configuration list for PBXNativeTarget "FishjamClientDemoUITests" */ = {
			isa = XCConfigurationList;
			buildConfigurations = (
				2FB8B3F92A20C6DD0060E251 /* Debug */,
				2FB8B3FA2A20C6DD0060E251 /* Release */,
			);
			defaultConfigurationIsVisible = 0;
			defaultConfigurationName = Debug;
		};
/* End XCConfigurationList section */

/* Begin XCSwiftPackageProductDependency section */
		2FB8B4012A20D5B30060E251 /* FishjamClient */ = {
			isa = XCSwiftPackageProductDependency;
			productName = FishjamClient;
		};
/* End XCSwiftPackageProductDependency section */
	};
	rootObject = 2FB8B3C62A20C6DA0060E251 /* Project object */;
}
