{
  "object": {
    "pins": [
      {
        "package": "Mockingbird",
        "repositoryURL": "https://github.com/birdrides/mockingbird.git",
        "state": {
          "branch": null,
          "revision": "6e0d473df6b975719e145f6aebf90990c634700e",
          "version": "0.20.0"
        }
      },
      {
        "package": "Promises",
        "repositoryURL": "https://github.com/google/promises.git",
        "state": {
          "branch": null,
          "revision": "ec957ccddbcc710ccc64c9dcbd4c7006fcf8b73a",
          "version": "2.2.0"
        }
      },
      {
        "package": "WebRTC",
        "repositoryURL": "https://github.com/webrtc-sdk/Specs.git",
        "state": {
          "branch": null,
          "revision": "4fa8d6d647fc759cdd0265fd413d2f28ea2e0e08",
          "version": "114.5735.8"
        }
      },
      {
        "package": "Starscream",
        "repositoryURL": "https://github.com/daltoniam/Starscream.git",
        "state": {
          "branch": null,
          "revision": "c6bfd1af48efcc9a9ad203665db12375ba6b145a",
          "version": "4.0.8"
        }
      },
      {
        "package": "SwiftDocCPlugin",
        "repositoryURL": "https://github.com/apple/swift-docc-plugin",
        "state": {
          "branch": null,
          "revision": "26ac5758409154cc448d7ab82389c520fa8a8247",
          "version": "1.3.0"
        }
      },
      {
        "package": "SymbolKit",
        "repositoryURL": "https://github.com/apple/swift-docc-symbolkit",
        "state": {
          "branch": null,
          "revision": "b45d1f2ed151d057b54504d653e0da5552844e34",
          "version": "1.0.0"
        }
      },
      {
        "package": "swift-log",
        "repositoryURL": "https://github.com/apple/swift-log.git",
        "state": {
          "branch": null,
          "revision": "32e8d724467f8fe623624570367e3d50c5638e46",
          "version": "1.5.2"
        }
      },
      {
        "package": "SwiftProtobuf",
        "repositoryURL": "https://github.com/apple/swift-protobuf.git",
        "state": {
          "branch": null,
          "revision": "0af9125c4eae12a4973fb66574c53a54962a9e1e",
          "version": "1.21.0"
        }
      },
      {
        "package": "SwiftPhoenixClient",
        "repositoryURL": "https://github.com/davidstump/SwiftPhoenixClient.git",
        "state": {
          "branch": null,
          "revision": "588bf6baab5d049752748e19a4bff32421ea40ec",
          "version": "5.3.2"
        }
      }
    ]
  },
  "version": 1
}
